
Microsoft Visual Studio Solution File, Format Version 12.00
# Visual Studio Version 16
VisualStudioVersion = 16.0.31624.102
MinimumVisualStudioVersion = 10.0.40219.1
Project("{FAE04EC0-301F-11D3-BF4B-00C04F79EFBC}") = "ELDNETCLIINICOOP", "ELDNETCLIINICOOP.csproj", "{0A79AF8D-9DC9-461B-9AD8-086CDE0BD350}"
EndProject
Global
	GlobalSection(SolutionConfigurationPlatforms) = preSolution
		Debug|Any CPU = Debug|Any CPU
		Release|Any CPU = Release|Any CPU
	EndGlobalSection
	GlobalSection(ProjectConfigurationPlatforms) = postSolution
		{0A79AF8D-9DC9-461B-9AD8-086CDE0BD350}.Debug|Any CPU.ActiveCfg = Debug|Any CPU
		{0A79AF8D-9DC9-461B-9AD8-086CDE0BD350}.Debug|Any CPU.Build.0 = Debug|Any CPU
		{0A79AF8D-9DC9-461B-9AD8-086CDE0BD350}.Release|Any CPU.ActiveCfg = Release|Any CPU
		{0A79AF8D-9DC9-461B-9AD8-086CDE0BD350}.Release|Any CPU.Build.0 = Release|Any CPU
	EndGlobalSection
	GlobalSection(SolutionProperties) = preSolution
		HideSolutionNode = FALSE
	EndGlobalSection
	GlobalSection(ExtensibilityGlobals) = postSolution
		SolutionGuid = {EA185CAA-B307-4918-9758-52F962C2FB77}
	EndGlobalSection
EndGlobal
